
Microsoft Visual Studio Solution File, Format Version 12.00
# Visual Studio Version 17
VisualStudioVersion = 17.0.31903.59
MinimumVisualStudioVersion = 10.0.40219.1
Project("{FAE04EC0-301F-11D3-BF4B-00C04F79EFBC}") = "Calculador.WebApi", "Calculador.WebApi\Calculador.WebApi.csproj", "{60DC362C-778D-425A-8CBD-CF265AC5E3F9}"
EndProject
Project("{FAE04EC0-301F-11D3-BF4B-00C04F79EFBC}") = "Calculador.WebApi.Tests", "Calculador.WebApi.Tests\Calculador.WebApi.Tests.csproj", "{5CDFD87D-227A-47C8-B102-08B5EA848B41}"
EndProject
Global
	GlobalSection(SolutionConfigurationPlatforms) = preSolution
		Debug|Any CPU = Debug|Any CPU
		Release|Any CPU = Release|Any CPU
	EndGlobalSection
	GlobalSection(SolutionProperties) = preSolution
		HideSolutionNode = FALSE
	EndGlobalSection
	GlobalSection(ProjectConfigurationPlatforms) = postSolution
		{60DC362C-778D-425A-8CBD-CF265AC5E3F9}.Debug|Any CPU.ActiveCfg = Debug|Any CPU
		{60DC362C-778D-425A-8CBD-CF265AC5E3F9}.Debug|Any CPU.Build.0 = Debug|Any CPU
		{60DC362C-778D-425A-8CBD-CF265AC5E3F9}.Release|Any CPU.ActiveCfg = Release|Any CPU
		{60DC362C-778D-425A-8CBD-CF265AC5E3F9}.Release|Any CPU.Build.0 = Release|Any CPU
		{5CDFD87D-227A-47C8-B102-08B5EA848B41}.Debug|Any CPU.ActiveCfg = Debug|Any CPU
		{5CDFD87D-227A-47C8-B102-08B5EA848B41}.Debug|Any CPU.Build.0 = Debug|Any CPU
		{5CDFD87D-227A-47C8-B102-08B5EA848B41}.Release|Any CPU.ActiveCfg = Release|Any CPU
		{5CDFD87D-227A-47C8-B102-08B5EA848B41}.Release|Any CPU.Build.0 = Release|Any CPU
	EndGlobalSection
EndGlobal
